# M4 RandomX investigation provenance, captured 2026-08-15.

XMRIG_REPOSITORY=https://github.com/xmrig/xmrig.git
XMRIG_TAG=v6.26.0
XMRIG_COMMIT=b2ca72480c58d197e18c885d9fc1a0c8d517e60a
XMRIG_MACOS_ARM64_ARCHIVE=xmrig-6.26.0-macos-arm64.tar.gz
XMRIG_MACOS_ARM64_ARCHIVE_SHA256=6ae4eb4216e99a201ae9a3d2c3a7c275207c5165cfc25da1f3d735d6c4829c18
XMRIG_MACOS_ARM64_BINARY_SHA256=c66f9881bed79a550e18d54b9ae5cf03b91a0e881efdbf7962db2e58de0b4f7b
XMRIG_SHA256SUMS_SHA256=0a4b603f49b2fb803f23a2b6657e0fa110dd930ca6619926858ce66f1c60ddf5
XMRIG_SHA256SUMS_SIGNATURE_SHA256=04083a4e5ff4a43f67def02162a6583c7bd5835f14570b39cd11beefc70af5d6
XMRIG_SIGNING_KEY_FILE_SHA256=5d7bcb7873a2f1a6bfc391b76677ce291ad843da71453dece8634c436e47c9b6
XMRIG_SIGNING_KEY_FINGERPRINT=9AC4CEA8E66E35A5C7CDDC1B446A53638BE94409

RANDOMX_REPOSITORY=https://github.com/tevador/RandomX.git
RANDOMX_COMMIT=7c761cf007c758056dcb6eb438a32f780f81bdbd

MONEROOCEAN_XMRIG_REPOSITORY=https://github.com/MoneroOcean/xmrig.git
MONEROOCEAN_XMRIG_COMMIT=945b7e6391154ed205dbce4e887ada176862ed44

PATCH_0001_SHA256=6e067234a266e4e16340d800209416bf1d385a3b323b738ef80ded6532e82227
PATCH_0014_SHA256=50ebf127cb5138c8a84fd89587f90bc43c9ca089a8073ec692783d9452d8d9f4
PATCH_0015_SHA256=4009c5a3f2015f1edc70b7e0439576fe6eae9c3ec7c205fa3e0cd12b0d4cd487
